// !$*UTF8*$!
{
	archiveVersion = 1;
	classes = {
	};
	objectVersion = 50;
	objects = {

/* Begin PBXBuildFile section */
		66635E022673497200622346 /* AppDelegate.swift in Sources */ = {isa = PBXBuildFile; fileRef = 66635E012673497200622346 /* AppDelegate.swift */; };
		66635E042673497200622346 /* SceneDelegate.swift in Sources */ = {isa = PBXBuildFile; fileRef = 66635E032673497200622346 /* SceneDelegate.swift */; };
		66635E062673497200622346 /* ViewController.swift in Sources */ = {isa = PBXBuildFile; fileRef = 66635E052673497200622346 /* ViewController.swift */; };
		66635E092673497200622346 /* Main.storyboard in Resources */ = {isa = PBXBuildFile; fileRef = 66635E072673497200622346 /* Main.storyboard */; };
		66635E0B2673497500622346 /* Assets.xcassets in Resources */ = {isa = PBXBuildFile; fileRef = 66635E0A2673497500622346 /* Assets.xcassets */; };
		66635E0E2673497500622346 /* LaunchScreen.storyboard in Resources */ = {isa = PBXBuildFile; fileRef = 66635E0C2673497500622346 /* LaunchScreen.storyboard */; };
		66635E192673497500622346 /* imgcorosolTests.swift in Sources */ = {isa = PBXBuildFile; fileRef = 66635E182673497500622346 /* imgcorosolTests.swift */; };
		66635E242673497500622346 /* imgcorosolUITests.swift in Sources */ = {isa = PBXBuildFile; fileRef = 66635E232673497500622346 /* imgcorosolUITests.swift */; };
		66635E382673498D00622346 /* ImageCarousel.swift in Sources */ = {isa = PBXBuildFile; fileRef = 66635E352673498D00622346 /* ImageCarousel.swift */; };
		66635E392673498D00622346 /* ImageCarouseltem.swift in Sources */ = {isa = PBXBuildFile; fileRef = 66635E372673498D00622346 /* ImageCarouseltem.swift */; };
		66635E47267358B400622346 /* ImageCorouselCollection.swift in Sources */ = {isa = PBXBuildFile; fileRef = 66635E46267358B400622346 /* ImageCorouselCollection.swift */; };
		66635E4C26735A1900622346 /* ImageCorouselCell.swift in Sources */ = {isa = PBXBuildFile; fileRef = 66635E4B26735A1900622346 /* ImageCorouselCell.swift */; };
		66635E5426735EE700622346 /* ViewController2.swift in Sources */ = {isa = PBXBuildFile; fileRef = 66635E5326735EE700622346 /* ViewController2.swift */; };
		66635E5C2673803300622346 /* CustomPageControlls.swift in Sources */ = {isa = PBXBuildFile; fileRef = 66635E5B2673803300622346 /* CustomPageControlls.swift */; };
/* End PBXBuildFile section */

/* Begin PBXContainerItemProxy section */
		66635E152673497500622346 /* PBXContainerItemProxy */ = {
			isa = PBXContainerItemProxy;
			containerPortal = 66635DF62673497200622346 /* Project object */;
			proxyType = 1;
			remoteGlobalIDString = 66635DFD2673497200622346;
			remoteInfo = imgcorosol;
		};
		66635E202673497500622346 /* PBXContainerItemProxy */ = {
			isa = PBXContainerItemProxy;
			containerPortal = 66635DF62673497200622346 /* Project object */;
			proxyType = 1;
			remoteGlobalIDString = 66635DFD2673497200622346;
			remoteInfo = imgcorosol;
		};
/* End PBXContainerItemProxy section */

/* Begin PBXFileReference section */
		66635DFE2673497200622346 /* imgcorosol.app */ = {isa = PBXFileReference; explicitFileType = wrapper.application; includeInIndex = 0; path = imgcorosol.app; sourceTree = BUILT_PRODUCTS_DIR; };
		66635E012673497200622346 /* AppDelegate.swift */ = {isa = PBXFileReference; lastKnownFileType = sourcecode.swift; path = AppDelegate.swift; sourceTree = "<group>"; };
		66635E032673497200622346 /* SceneDelegate.swift */ = {isa = PBXFileReference; lastKnownFileType = sourcecode.swift; path = SceneDelegate.swift; sourceTree = "<group>"; };
		66635E052673497200622346 /* ViewController.swift */ = {isa = PBXFileReference; lastKnownFileType = sourcecode.swift; path = ViewController.swift; sourceTree = "<group>"; };
		66635E082673497200622346 /* Base */ = {isa = PBXFileReference; lastKnownFileType = file.storyboard; name = Base; path = Base.lproj/Main.storyboard; sourceTree = "<group>"; };
		66635E0A2673497500622346 /* Assets.xcassets */ = {isa = PBXFileReference; lastKnownFileType = folder.assetcatalog; path = Assets.xcassets; sourceTree = "<group>"; };
		66635E0D2673497500622346 /* Base */ = {isa = PBXFileReference; lastKnownFileType = file.storyboard; name = Base; path = Base.lproj/LaunchScreen.storyboard; sourceTree = "<group>"; };
		66635E0F2673497500622346 /* Info.plist */ = {isa = PBXFileReference; lastKnownFileType = text.plist.xml; path = Info.plist; sourceTree = "<group>"; };
		66635E142673497500622346 /* imgcorosolTests.xctest */ = {isa = PBXFileReference; explicitFileType = wrapper.cfbundle; includeInIndex = 0; path = imgcorosolTests.xctest; sourceTree = BUILT_PRODUCTS_DIR; };
		66635E182673497500622346 /* imgcorosolTests.swift */ = {isa = PBXFileReference; lastKnownFileType = sourcecode.swift; path = imgcorosolTests.swift; sourceTree = "<group>"; };
		66635E1A2673497500622346 /* Info.plist */ = {isa = PBXFileReference; lastKnownFileType = text.plist.xml; path = Info.plist; sourceTree = "<group>"; };
		66635E1F2673497500622346 /* imgcorosolUITests.xctest */ = {isa = PBXFileReference; explicitFileType = wrapper.cfbundle; includeInIndex = 0; path = imgcorosolUITests.xctest; sourceTree = BUILT_PRODUCTS_DIR; };
		66635E232673497500622346 /* imgcorosolUITests.swift */ = {isa = PBXFileReference; lastKnownFileType = sourcecode.swift; path = imgcorosolUITests.swift; sourceTree = "<group>"; };
		66635E252673497500622346 /* Info.plist */ = {isa = PBXFileReference; lastKnownFileType = text.plist.xml; path = Info.plist; sourceTree = "<group>"; };
		66635E352673498D00622346 /* ImageCarousel.swift */ = {isa = PBXFileReference; fileEncoding = 4; lastKnownFileType = sourcecode.swift; path = ImageCarousel.swift; sourceTree = "<group>"; };
		66635E372673498D00622346 /* ImageCarouseltem.swift */ = {isa = PBXFileReference; fileEncoding = 4; lastKnownFileType = sourcecode.swift; path = ImageCarouseltem.swift; sourceTree = "<group>"; };
		66635E46267358B400622346 /* ImageCorouselCollection.swift */ = {isa = PBXFileReference; lastKnownFileType = sourcecode.swift; path = ImageCorouselCollection.swift; sourceTree = "<group>"; };
		66635E4B26735A1900622346 /* ImageCorouselCell.swift */ = {isa = PBXFileReference; lastKnownFileType = sourcecode.swift; path = ImageCorouselCell.swift; sourceTree = "<group>"; };
		66635E5326735EE700622346 /* ViewController2.swift */ = {isa = PBXFileReference; lastKnownFileType = sourcecode.swift; path = ViewController2.swift; sourceTree = "<group>"; };
		66635E5B2673803300622346 /* CustomPageControlls.swift */ = {isa = PBXFileReference; lastKnownFileType = sourcecode.swift; path = CustomPageControlls.swift; sourceTree = "<group>"; };
/* End PBXFileReference section */

/* Begin PBXFrameworksBuildPhase section */
		66635DFB2673497200622346 /* Frameworks */ = {
			isa = PBXFrameworksBuildPhase;
			buildActionMask = 2147483647;
			files = (
			);
			runOnlyForDeploymentPostprocessing = 0;
		};
		66635E112673497500622346 /* Frameworks */ = {
			isa = PBXFrameworksBuildPhase;
			buildActionMask = 2147483647;
			files = (
			);
			runOnlyForDeploymentPostprocessing = 0;
		};
		66635E1C2673497500622346 /* Frameworks */ = {
			isa = PBXFrameworksBuildPhase;
			buildActionMask = 2147483647;
			files = (
			);
			runOnlyForDeploymentPostprocessing = 0;
		};
/* End PBXFrameworksBuildPhase section */

/* Begin PBXGroup section */
		66635DF52673497200622346 = {
			isa = PBXGroup;
			children = (
				66635E002673497200622346 /* imgcorosol */,
				66635E172673497500622346 /* imgcorosolTests */,
				66635E222673497500622346 /* imgcorosolUITests */,
				66635DFF2673497200622346 /* Products */,
			);
			sourceTree = "<group>";
		};
		66635DFF2673497200622346 /* Products */ = {
			isa = PBXGroup;
			children = (
				66635DFE2673497200622346 /* imgcorosol.app */,
				66635E142673497500622346 /* imgcorosolTests.xctest */,
				66635E1F2673497500622346 /* imgcorosolUITests.xctest */,
			);
			name = Products;
			sourceTree = "<group>";
		};
		66635E002673497200622346 /* imgcorosol */ = {
			isa = PBXGroup;
			children = (
				66635E012673497200622346 /* AppDelegate.swift */,
				66635E032673497200622346 /* SceneDelegate.swift */,
				66635E052673497200622346 /* ViewController.swift */,
				66635E342673498D00622346 /* Sources */,
				66635E072673497200622346 /* Main.storyboard */,
				66635E0A2673497500622346 /* Assets.xcassets */,
				66635E0C2673497500622346 /* LaunchScreen.storyboard */,
				66635E0F2673497500622346 /* Info.plist */,
				66635E5326735EE700622346 /* ViewController2.swift */,
			);
			path = imgcorosol;
			sourceTree = "<group>";
		};
		66635E172673497500622346 /* imgcorosolTests */ = {
			isa = PBXGroup;
			children = (
				66635E182673497500622346 /* imgcorosolTests.swift */,
				66635E1A2673497500622346 /* Info.plist */,
			);
			path = imgcorosolTests;
			sourceTree = "<group>";
		};
		66635E222673497500622346 /* imgcorosolUITests */ = {
			isa = PBXGroup;
			children = (
				66635E232673497500622346 /* imgcorosolUITests.swift */,
				66635E252673497500622346 /* Info.plist */,
			);
			path = imgcorosolUITests;
			sourceTree = "<group>";
		};
		66635E342673498D00622346 /* Sources */ = {
			isa = PBXGroup;
			children = (
				66635E372673498D00622346 /* ImageCarouseltem.swift */,
				66635E352673498D00622346 /* ImageCarousel.swift */,
				66635E46267358B400622346 /* ImageCorouselCollection.swift */,
				66635E4B26735A1900622346 /* ImageCorouselCell.swift */,
				66635E5B2673803300622346 /* CustomPageControlls.swift */,
			);
			path = Sources;
			sourceTree = "<group>";
		};
/* End PBXGroup section */

/* Begin PBXNativeTarget section */
		66635DFD2673497200622346 /* imgcorosol */ = {
			isa = PBXNativeTarget;
			buildConfigurationList = 66635E282673497500622346 /* Build configuration list for PBXNativeTarget "imgcorosol" */;
			buildPhases = (
				66635DFA2673497200622346 /* Sources */,
				66635DFB2673497200622346 /* Frameworks */,
				66635DFC2673497200622346 /* Resources */,
			);
			buildRules = (
			);
			dependencies = (
			);
			name = imgcorosol;
			productName = imgcorosol;
			productReference = 66635DFE2673497200622346 /* imgcorosol.app */;
			productType = "com.apple.product-type.application";
		};
		66635E132673497500622346 /* imgcorosolTests */ = {
			isa = PBXNativeTarget;
			buildConfigurationList = 66635E2B2673497500622346 /* Build configuration list for PBXNativeTarget "imgcorosolTests" */;
			buildPhases = (
				66635E102673497500622346 /* Sources */,
				66635E112673497500622346 /* Frameworks */,
				66635E122673497500622346 /* Resources */,
			);
			buildRules = (
			);
			dependencies = (
				66635E162673497500622346 /* PBXTargetDependency */,
			);
			name = imgcorosolTests;
			productName = imgcorosolTests;
			productReference = 66635E142673497500622346 /* imgcorosolTests.xctest */;
			productType = "com.apple.product-type.bundle.unit-test";
		};
		66635E1E2673497500622346 /* imgcorosolUITests */ = {
			isa = PBXNativeTarget;
			buildConfigurationList = 66635E2E2673497500622346 /* Build configuration list for PBXNativeTarget "imgcorosolUITests" */;
			buildPhases = (
				66635E1B2673497500622346 /* Sources */,
				66635E1C2673497500622346 /* Frameworks */,
				66635E1D2673497500622346 /* Resources */,
			);
			buildRules = (
			);
			dependencies = (
				66635E212673497500622346 /* PBXTargetDependency */,
			);
			name = imgcorosolUITests;
			productName = imgcorosolUITests;
			productReference = 66635E1F2673497500622346 /* imgcorosolUITests.xctest */;
			productType = "com.apple.product-type.bundle.ui-testing";
		};
/* End PBXNativeTarget section */

/* Begin PBXProject section */
		66635DF62673497200622346 /* Project object */ = {
			isa = PBXProject;
			attributes = {
				LastSwiftUpdateCheck = 1230;
				LastUpgradeCheck = 1230;
				TargetAttributes = {
					66635DFD2673497200622346 = {
						CreatedOnToolsVersion = 12.3;
					};
					66635E132673497500622346 = {
						CreatedOnToolsVersion = 12.3;
						TestTargetID = 66635DFD2673497200622346;
					};
					66635E1E2673497500622346 = {
						CreatedOnToolsVersion = 12.3;
						TestTargetID = 66635DFD2673497200622346;
					};
				};
			};
			buildConfigurationList = 66635DF92673497200622346 /* Build configuration list for PBXProject "imgcorosol" */;
			compatibilityVersion = "Xcode 9.3";
			developmentRegion = en;
			hasScannedForEncodings = 0;
			knownRegions = (
				en,
				Base,
			);
			mainGroup = 66635DF52673497200622346;
			productRefGroup = 66635DFF2673497200622346 /* Products */;
			projectDirPath = "";
			projectRoot = "";
			targets = (
				66635DFD2673497200622346 /* imgcorosol */,
				66635E132673497500622346 /* imgcorosolTests */,
				66635E1E2673497500622346 /* imgcorosolUITests */,
			);
		};
/* End PBXProject section */

/* Begin PBXResourcesBuildPhase section */
		66635DFC2673497200622346 /* Resources */ = {
			isa = PBXResourcesBuildPhase;
			buildActionMask = 2147483647;
			files = (
				66635E0E2673497500622346 /* LaunchScreen.storyboard in Resources */,
				66635E0B2673497500622346 /* Assets.xcassets in Resources */,
				66635E092673497200622346 /* Main.storyboard in Resources */,
			);
			runOnlyForDeploymentPostprocessing = 0;
		};
		66635E122673497500622346 /* Resources */ = {
			isa = PBXResourcesBuildPhase;
			buildActionMask = 2147483647;
			files = (
			);
			runOnlyForDeploymentPostprocessing = 0;
		};
		66635E1D2673497500622346 /* Resources */ = {
			isa = PBXResourcesBuildPhase;
			buildActionMask = 2147483647;
			files = (
			);
			runOnlyForDeploymentPostprocessing = 0;
		};
/* End PBXResourcesBuildPhase section */

/* Begin PBXSourcesBuildPhase section */
		66635DFA2673497200622346 /* Sources */ = {
			isa = PBXSourcesBuildPhase;
			buildActionMask = 2147483647;
			files = (
				66635E062673497200622346 /* ViewController.swift in Sources */,
				66635E5426735EE700622346 /* ViewController2.swift in Sources */,
				66635E022673497200622346 /* AppDelegate.swift in Sources */,
				66635E5C2673803300622346 /* CustomPageControlls.swift in Sources */,
				66635E4C26735A1900622346 /* ImageCorouselCell.swift in Sources */,
				66635E042673497200622346 /* SceneDelegate.swift in Sources */,
				66635E47267358B400622346 /* ImageCorouselCollection.swift in Sources */,
				66635E392673498D00622346 /* ImageCarouseltem.swift in Sources */,
				66635E382673498D00622346 /* ImageCarousel.swift in Sources */,
			);
			runOnlyForDeploymentPostprocessing = 0;
		};
		66635E102673497500622346 /* Sources */ = {
			isa = PBXSourcesBuildPhase;
			buildActionMask = 2147483647;
			files = (
				66635E192673497500622346 /* imgcorosolTests.swift in Sources */,
			);
			runOnlyForDeploymentPostprocessing = 0;
		};
		66635E1B2673497500622346 /* Sources */ = {
			isa = PBXSourcesBuildPhase;
			buildActionMask = 2147483647;
			files = (
				66635E242673497500622346 /* imgcorosolUITests.swift in Sources */,
			);
			runOnlyForDeploymentPostprocessing = 0;
		};
/* End PBXSourcesBuildPhase section */

/* Begin PBXTargetDependency section */
		66635E162673497500622346 /* PBXTargetDependency */ = {
			isa = PBXTargetDependency;
			target = 66635DFD2673497200622346 /* imgcorosol */;
			targetProxy = 66635E152673497500622346 /* PBXContainerItemProxy */;
		};
		66635E212673497500622346 /* PBXTargetDependency */ = {
			isa = PBXTargetDependency;
			target = 66635DFD2673497200622346 /* imgcorosol */;
			targetProxy = 66635E202673497500622346 /* PBXContainerItemProxy */;
		};
/* End PBXTargetDependency section */

/* Begin PBXVariantGroup section */
		66635E072673497200622346 /* Main.storyboard */ = {
			isa = PBXVariantGroup;
			children = (
				66635E082673497200622346 /* Base */,
			);
			name = Main.storyboard;
			sourceTree = "<group>";
		};
		66635E0C2673497500622346 /* LaunchScreen.storyboard */ = {
			isa = PBXVariantGroup;
			children = (
				66635E0D2673497500622346 /* Base */,
			);
			name = LaunchScreen.storyboard;
			sourceTree = "<group>";
		};
/* End PBXVariantGroup section */

/* Begin XCBuildConfiguration section */
		66635E262673497500622346 /* Debug */ = {
			isa = XCBuildConfiguration;
			buildSettings = {
				ALWAYS_SEARCH_USER_PATHS = NO;
				CLANG_ANALYZER_NONNULL = YES;
				CLANG_ANALYZER_NUMBER_OBJECT_CONVERSION = YES_AGGRESSIVE;
				CLANG_CXX_LANGUAGE_STANDARD = "gnu++14";
				CLANG_CXX_LIBRARY = "libc++";
				CLANG_ENABLE_MODULES = YES;
				CLANG_ENABLE_OBJC_ARC = YES;
				CLANG_ENABLE_OBJC_WEAK = YES;
				CLANG_WARN_BLOCK_CAPTURE_AUTORELEASING = YES;
				CLANG_WARN_BOOL_CONVERSION = YES;
				CLANG_WARN_COMMA = YES;
				CLANG_WARN_CONSTANT_CONVERSION = YES;
				CLANG_WARN_DEPRECATED_OBJC_IMPLEMENTATIONS = YES;
				CLANG_WARN_DIRECT_OBJC_ISA_USAGE = YES_ERROR;
				CLANG_WARN_DOCUMENTATION_COMMENTS = YES;
				CLANG_WARN_EMPTY_BODY = YES;
				CLANG_WARN_ENUM_CONVERSION = YES;
				CLANG_WARN_INFINITE_RECURSION = YES;
				CLANG_WARN_INT_CONVERSION = YES;
				CLANG_WARN_NON_LITERAL_NULL_CONVERSION = YES;
				CLANG_WARN_OBJC_IMPLICIT_RETAIN_SELF = YES;
				CLANG_WARN_OBJC_LITERAL_CONVERSION = YES;
				CLANG_WARN_OBJC_ROOT_CLASS = YES_ERROR;
				CLANG_WARN_QUOTED_INCLUDE_IN_FRAMEWORK_HEADER = YES;
				CLANG_WARN_RANGE_LOOP_ANALYSIS = YES;
				CLANG_WARN_STRICT_PROTOTYPES = YES;
				CLANG_WARN_SUSPICIOUS_MOVE = YES;
				CLANG_WARN_UNGUARDED_AVAILABILITY = YES_AGGRESSIVE;
				CLANG_WARN_UNREACHABLE_CODE = YES;
				CLANG_WARN__DUPLICATE_METHOD_MATCH = YES;
				COPY_PHASE_STRIP = NO;
				DEBUG_INFORMATION_FORMAT = dwarf;
				ENABLE_STRICT_OBJC_MSGSEND = YES;
				ENABLE_TESTABILITY = YES;
				GCC_C_LANGUAGE_STANDARD = gnu11;
				GCC_DYNAMIC_NO_PIC = NO;
				GCC_NO_COMMON_BLOCKS = YES;
				GCC_OPTIMIZATION_LEVEL = 0;
				GCC_PREPROCESSOR_DEFINITIONS = (
					"DEBUG=1",
					"$(inherited)",
				);
				GCC_WARN_64_TO_32_BIT_CONVERSION = YES;
				GCC_WARN_ABOUT_RETURN_TYPE = YES_ERROR;
				GCC_WARN_UNDECLARED_SELECTOR = YES;
				GCC_WARN_UNINITIALIZED_AUTOS = YES_AGGRESSIVE;
				GCC_WARN_UNUSED_FUNCTION = YES;
				GCC_WARN_UNUSED_VARIABLE = YES;
				IPHONEOS_DEPLOYMENT_TARGET = 14.3;
				MTL_ENABLE_DEBUG_INFO = INCLUDE_SOURCE;
				MTL_FAST_MATH = YES;
				ONLY_ACTIVE_ARCH = YES;
				SDKROOT = iphoneos;
				SWIFT_ACTIVE_COMPILATION_CONDITIONS = DEBUG;
				SWIFT_OPTIMIZATION_LEVEL = "-Onone";
			};
			name = Debug;
		};
		66635E272673497500622346 /* Release */ = {
			isa = XCBuildConfiguration;
			buildSettings = {
				ALWAYS_SEARCH_USER_PATHS = NO;
				CLANG_ANALYZER_NONNULL = YES;
				CLANG_ANALYZER_NUMBER_OBJECT_CONVERSION = YES_AGGRESSIVE;
				CLANG_CXX_LANGUAGE_STANDARD = "gnu++14";
				CLANG_CXX_LIBRARY = "libc++";
				CLANG_ENABLE_MODULES = YES;
				CLANG_ENABLE_OBJC_ARC = YES;
				CLANG_ENABLE_OBJC_WEAK = YES;
				CLANG_WARN_BLOCK_CAPTURE_AUTORELEASING = YES;
				CLANG_WARN_BOOL_CONVERSION = YES;
				CLANG_WARN_COMMA = YES;
				CLANG_WARN_CONSTANT_CONVERSION = YES;
				CLANG_WARN_DEPRECATED_OBJC_IMPLEMENTATIONS = YES;
				CLANG_WARN_DIRECT_OBJC_ISA_USAGE = YES_ERROR;
				CLANG_WARN_DOCUMENTATION_COMMENTS = YES;
				CLANG_WARN_EMPTY_BODY = YES;
				CLANG_WARN_ENUM_CONVERSION = YES;
				CLANG_WARN_INFINITE_RECURSION = YES;
				CLANG_WARN_INT_CONVERSION = YES;
				CLANG_WARN_NON_LITERAL_NULL_CONVERSION = YES;
				CLANG_WARN_OBJC_IMPLICIT_RETAIN_SELF = YES;
				CLANG_WARN_OBJC_LITERAL_CONVERSION = YES;
				CLANG_WARN_OBJC_ROOT_CLASS = YES_ERROR;
				CLANG_WARN_QUOTED_INCLUDE_IN_FRAMEWORK_HEADER = YES;
				CLANG_WARN_RANGE_LOOP_ANALYSIS = YES;
				CLANG_WARN_STRICT_PROTOTYPES = YES;
				CLANG_WARN_SUSPICIOUS_MOVE = YES;
				CLANG_WARN_UNGUARDED_AVAILABILITY = YES_AGGRESSIVE;
				CLANG_WARN_UNREACHABLE_CODE = YES;
				CLANG_WARN__DUPLICATE_METHOD_MATCH = YES;
				COPY_PHASE_STRIP = NO;
				DEBUG_INFORMATION_FORMAT = "dwarf-with-dsym";
				ENABLE_NS_ASSERTIONS = NO;
				ENABLE_STRICT_OBJC_MSGSEND = YES;
				GCC_C_LANGUAGE_STANDARD = gnu11;
				GCC_NO_COMMON_BLOCKS = YES;
				GCC_WARN_64_TO_32_BIT_CONVERSION = YES;
				GCC_WARN_ABOUT_RETURN_TYPE = YES_ERROR;
				GCC_WARN_UNDECLARED_SELECTOR = YES;
				GCC_WARN_UNINITIALIZED_AUTOS = YES_AGGRESSIVE;
				GCC_WARN_UNUSED_FUNCTION = YES;
				GCC_WARN_UNUSED_VARIABLE = YES;
				IPHONEOS_DEPLOYMENT_TARGET = 14.3;
				MTL_ENABLE_DEBUG_INFO = NO;
				MTL_FAST_MATH = YES;
				SDKROOT = iphoneos;
				SWIFT_COMPILATION_MODE = wholemodule;
				SWIFT_OPTIMIZATION_LEVEL = "-O";
				VALIDATE_PRODUCT = YES;
			};
			name = Release;
		};
		66635E292673497500622346 /* Debug */ = {
			isa = XCBuildConfiguration;
			buildSettings = {
				ASSETCATALOG_COMPILER_APPICON_NAME = AppIcon;
				ASSETCATALOG_COMPILER_GLOBAL_ACCENT_COLOR_NAME = AccentColor;
				CODE_SIGN_STYLE = Automatic;
				DEVELOPMENT_TEAM = FG7L36W82H;
				INFOPLIST_FILE = imgcorosol/Info.plist;
				LD_RUNPATH_SEARCH_PATHS = (
					"$(inherited)",
					"@executable_path/Frameworks",
				);
				PRODUCT_BUNDLE_IDENTIFIER = com.gaganjot.imgcorosol;
				PRODUCT_NAME = "$(TARGET_NAME)";
				SWIFT_VERSION = 5.0;
				TARGETED_DEVICE_FAMILY = "1,2";
			};
			name = Debug;
		};
		66635E2A2673497500622346 /* Release */ = {
			isa = XCBuildConfiguration;
			buildSettings = {
				ASSETCATALOG_COMPILER_APPICON_NAME = AppIcon;
				ASSETCATALOG_COMPILER_GLOBAL_ACCENT_COLOR_NAME = AccentColor;
				CODE_SIGN_STYLE = Automatic;
				DEVELOPMENT_TEAM = FG7L36W82H;
				INFOPLIST_FILE = imgcorosol/Info.plist;
				LD_RUNPATH_SEARCH_PATHS = (
					"$(inherited)",
					"@executable_path/Frameworks",
				);
				PRODUCT_BUNDLE_IDENTIFIER = com.gaganjot.imgcorosol;
				PRODUCT_NAME = "$(TARGET_NAME)";
				SWIFT_VERSION = 5.0;
				TARGETED_DEVICE_FAMILY = "1,2";
			};
			name = Release;
		};
		66635E2C2673497500622346 /* Debug */ = {
			isa = XCBuildConfiguration;
			buildSettings = {
				ALWAYS_EMBED_SWIFT_STANDARD_LIBRARIES = YES;
				BUNDLE_LOADER = "$(TEST_HOST)";
				CODE_SIGN_STYLE = Automatic;
				INFOPLIST_FILE = imgcorosolTests/Info.plist;
				IPHONEOS_DEPLOYMENT_TARGET = 14.3;
				LD_RUNPATH_SEARCH_PATHS = (
					"$(inherited)",
					"@executable_path/Frameworks",
					"@loader_path/Frameworks",
				);
				PRODUCT_BUNDLE_IDENTIFIER = com.gaganjot.imgcorosolTests;
				PRODUCT_NAME = "$(TARGET_NAME)";
				SWIFT_VERSION = 5.0;
				TARGETED_DEVICE_FAMILY = "1,2";
				TEST_HOST = "$(BUILT_PRODUCTS_DIR)/imgcorosol.app/imgcorosol";
			};
			name = Debug;
		};
		66635E2D2673497500622346 /* Release */ = {
			isa = XCBuildConfiguration;
			buildSettings = {
				ALWAYS_EMBED_SWIFT_STANDARD_LIBRARIES = YES;
				BUNDLE_LOADER = "$(TEST_HOST)";
				CODE_SIGN_STYLE = Automatic;
				INFOPLIST_FILE = imgcorosolTests/Info.plist;
				IPHONEOS_DEPLOYMENT_TARGET = 14.3;
				LD_RUNPATH_SEARCH_PATHS = (
					"$(inherited)",
					"@executable_path/Frameworks",
					"@loader_path/Frameworks",
				);
				PRODUCT_BUNDLE_IDENTIFIER = com.gaganjot.imgcorosolTests;
				PRODUCT_NAME = "$(TARGET_NAME)";
				SWIFT_VERSION = 5.0;
				TARGETED_DEVICE_FAMILY = "1,2";
				TEST_HOST = "$(BUILT_PRODUCTS_DIR)/imgcorosol.app/imgcorosol";
			};
			name = Release;
		};
		66635E2F2673497500622346 /* Debug */ = {
			isa = XCBuildConfiguration;
			buildSettings = {
				ALWAYS_EMBED_SWIFT_STANDARD_LIBRARIES = YES;
				CODE_SIGN_STYLE = Automatic;
				INFOPLIST_FILE = imgcorosolUITests/Info.plist;
				LD_RUNPATH_SEARCH_PATHS = (
					"$(inherited)",
					"@executable_path/Frameworks",
					"@loader_path/Frameworks",
				);
				PRODUCT_BUNDLE_IDENTIFIER = com.gaganjot.imgcorosolUITests;
				PRODUCT_NAME = "$(TARGET_NAME)";
				SWIFT_VERSION = 5.0;
				TARGETED_DEVICE_FAMILY = "1,2";
				TEST_TARGET_NAME = imgcorosol;
			};
			name = Debug;
		};
		66635E302673497500622346 /* Release */ = {
			isa = XCBuildConfiguration;
			buildSettings = {
				ALWAYS_EMBED_SWIFT_STANDARD_LIBRARIES = YES;
				CODE_SIGN_STYLE = Automatic;
				INFOPLIST_FILE = imgcorosolUITests/Info.plist;
				LD_RUNPATH_SEARCH_PATHS = (
					"$(inherited)",
					"@executable_path/Frameworks",
					"@loader_path/Frameworks",
				);
				PRODUCT_BUNDLE_IDENTIFIER = com.gaganjot.imgcorosolUITests;
				PRODUCT_NAME = "$(TARGET_NAME)";
				SWIFT_VERSION = 5.0;
				TARGETED_DEVICE_FAMILY = "1,2";
				TEST_TARGET_NAME = imgcorosol;
			};
			name = Release;
		};
/* End XCBuildConfiguration section */

/* Begin XCConfigurationList section */
		66635DF92673497200622346 /* Build configuration list for PBXProject "imgcorosol" */ = {
			isa = XCConfigurationList;
			buildConfigurations = (
				66635E262673497500622346 /* Debug */,
				66635E272673497500622346 /* Release */,
			);
			defaultConfigurationIsVisible = 0;
			defaultConfigurationName = Release;
		};
		66635E282673497500622346 /* Build configuration list for PBXNativeTarget "imgcorosol" */ = {
			isa = XCConfigurationList;
			buildConfigurations = (
				66635E292673497500622346 /* Debug */,
				66635E2A2673497500622346 /* Release */,
			);
			defaultConfigurationIsVisible = 0;
			defaultConfigurationName = Release;
		};
		66635E2B2673497500622346 /* Build configuration list for PBXNativeTarget "imgcorosolTests" */ = {
			isa = XCConfigurationList;
			buildConfigurations = (
				66635E2C2673497500622346 /* Debug */,
				66635E2D2673497500622346 /* Release */,
			);
			defaultConfigurationIsVisible = 0;
			defaultConfigurationName = Release;
		};
		66635E2E2673497500622346 /* Build configuration list for PBXNativeTarget "imgcorosolUITests" */ = {
			isa = XCConfigurationList;
			buildConfigurations = (
				66635E2F2673497500622346 /* Debug */,
				66635E302673497500622346 /* Release */,
			);
			defaultConfigurationIsVisible = 0;
			defaultConfigurationName = Release;
		};
/* End XCConfigurationList section */
	};
	rootObject = 66635DF62673497200622346 /* Project object */;
}
